// !$*UTF8*$!
{
	archiveVersion = 1;
	classes = {
	};
	objectVersion = 56;
	objects = {

/* Begin PBXBuildFile section */
		04D998532F59E56B00B2775A /* TitleDetailView1.swift in Sources */ = {isa = PBXBuildFile; fileRef = 04D998522F59E56B00B2775A /* TitleDetailView1.swift */; };
		04D998572F5ADB6500B2775A /* YoutubePlayer.swift in Sources */ = {isa = PBXBuildFile; fileRef = 04D998562F5ADB6500B2775A /* YoutubePlayer.swift */; };
		04D998592F5AFC7300B2775A /* YoutubeSearchResponse.swift in Sources */ = {isa = PBXBuildFile; fileRef = 04D998582F5AFC7300B2775A /* YoutubeSearchResponse.swift */; };
		04D9985B2F5BC22700B2775A /* VerticalListView.swift in Sources */ = {isa = PBXBuildFile; fileRef = 04D9985A2F5BC22600B2775A /* VerticalListView.swift */; };
		04D9985D2F5BC56100B2775A /* UpcomingView.swift in Sources */ = {isa = PBXBuildFile; fileRef = 04D9985C2F5BC56100B2775A /* UpcomingView.swift */; };
		04D9985F2F5BCD4A00B2775A /* SearchView.swift in Sources */ = {isa = PBXBuildFile; fileRef = 04D9985E2F5BCD4A00B2775A /* SearchView.swift */; };
		04D998612F5C2E0800B2775A /* SearchViewModel.swift in Sources */ = {isa = PBXBuildFile; fileRef = 04D998602F5C2E0800B2775A /* SearchViewModel.swift */; };
		04D998632F5C42B300B2775A /* DownloadView.swift in Sources */ = {isa = PBXBuildFile; fileRef = 04D998622F5C42B300B2775A /* DownloadView.swift */; };
		04F278752F548403006F0A98 /* blossom_movieApp.swift in Sources */ = {isa = PBXBuildFile; fileRef = 04F278742F548403006F0A98 /* blossom_movieApp.swift */; };
		04F278772F548403006F0A98 /* ContentView.swift in Sources */ = {isa = PBXBuildFile; fileRef = 04F278762F548403006F0A98 /* ContentView.swift */; };
		04F278792F548406006F0A98 /* Assets.xcassets in Resources */ = {isa = PBXBuildFile; fileRef = 04F278782F548406006F0A98 /* Assets.xcassets */; };
		04F2787C2F548406006F0A98 /* Preview Assets.xcassets in Resources */ = {isa = PBXBuildFile; fileRef = 04F2787B2F548406006F0A98 /* Preview Assets.xcassets */; };
		04F278862F548407006F0A98 /* blossom_movieTests.swift in Sources */ = {isa = PBXBuildFile; fileRef = 04F278852F548407006F0A98 /* blossom_movieTests.swift */; };
		04F278902F548407006F0A98 /* blossom_movieUITests.swift in Sources */ = {isa = PBXBuildFile; fileRef = 04F2788F2F548407006F0A98 /* blossom_movieUITests.swift */; };
		04F278922F548407006F0A98 /* blossom_movieUITestsLaunchTests.swift in Sources */ = {isa = PBXBuildFile; fileRef = 04F278912F548407006F0A98 /* blossom_movieUITestsLaunchTests.swift */; };
		04F2789F2F549394006F0A98 /* Constants.swift in Sources */ = {isa = PBXBuildFile; fileRef = 04F2789E2F549394006F0A98 /* Constants.swift */; };
		04F278A12F54974A006F0A98 /* HomeView.swift in Sources */ = {isa = PBXBuildFile; fileRef = 04F278A02F54974A006F0A98 /* HomeView.swift */; };
		04F278A32F5580FE006F0A98 /* HorizontalListView.swift in Sources */ = {isa = PBXBuildFile; fileRef = 04F278A22F5580FE006F0A98 /* HorizontalListView.swift */; };
		04F9029A2F56EC78004357A8 /* Title.swift in Sources */ = {isa = PBXBuildFile; fileRef = 04F902992F56EC78004357A8 /* Title.swift */; };
		04F9029C2F56F140004357A8 /* APIConfig.json in Resources */ = {isa = PBXBuildFile; fileRef = 04F9029B2F56F140004357A8 /* APIConfig.json */; };
		04F9029E2F56F383004357A8 /* APIConfig.swift in Sources */ = {isa = PBXBuildFile; fileRef = 04F9029D2F56F383004357A8 /* APIConfig.swift */; };
		04F902A02F56F836004357A8 /* Errors.swift in Sources */ = {isa = PBXBuildFile; fileRef = 04F9029F2F56F836004357A8 /* Errors.swift */; };
		04F902A22F570187004357A8 /* DataFetcher.swift in Sources */ = {isa = PBXBuildFile; fileRef = 04F902A12F570187004357A8 /* DataFetcher.swift */; };
		04F902A42F57673E004357A8 /* ViewModel.swift in Sources */ = {isa = PBXBuildFile; fileRef = 04F902A32F57673E004357A8 /* ViewModel.swift */; };
/* End PBXBuildFile section */

/* Begin PBXContainerItemProxy section */
		04F278822F548407006F0A98 /* PBXContainerItemProxy */ = {
			isa = PBXContainerItemProxy;
			containerPortal = 04F278692F548403006F0A98 /* Project object */;
			proxyType = 1;
			remoteGlobalIDString = 04F278702F548403006F0A98;
			remoteInfo = "blossom movie";
		};
		04F2788C2F548407006F0A98 /* PBXContainerItemProxy */ = {
			isa = PBXContainerItemProxy;
			containerPortal = 04F278692F548403006F0A98 /* Project object */;
			proxyType = 1;
			remoteGlobalIDString = 04F278702F548403006F0A98;
			remoteInfo = "blossom movie";
		};
/* End PBXContainerItemProxy section */

/* Begin PBXFileReference section */
		04D998522F59E56B00B2775A /* TitleDetailView1.swift */ = {isa = PBXFileReference; lastKnownFileType = sourcecode.swift; path = TitleDetailView1.swift; sourceTree = "<group>"; };
		04D998562F5ADB6500B2775A /* YoutubePlayer.swift */ = {isa = PBXFileReference; lastKnownFileType = sourcecode.swift; path = YoutubePlayer.swift; sourceTree = "<group>"; };
		04D998582F5AFC7300B2775A /* YoutubeSearchResponse.swift */ = {isa = PBXFileReference; lastKnownFileType = sourcecode.swift; path = YoutubeSearchResponse.swift; sourceTree = "<group>"; };
		04D9985A2F5BC22600B2775A /* VerticalListView.swift */ = {isa = PBXFileReference; lastKnownFileType = sourcecode.swift; path = VerticalListView.swift; sourceTree = "<group>"; };
		04D9985C2F5BC56100B2775A /* UpcomingView.swift */ = {isa = PBXFileReference; lastKnownFileType = sourcecode.swift; path = UpcomingView.swift; sourceTree = "<group>"; };
		04D9985E2F5BCD4A00B2775A /* SearchView.swift */ = {isa = PBXFileReference; lastKnownFileType = sourcecode.swift; path = SearchView.swift; sourceTree = "<group>"; };
		04D998602F5C2E0800B2775A /* SearchViewModel.swift */ = {isa = PBXFileReference; lastKnownFileType = sourcecode.swift; path = SearchViewModel.swift; sourceTree = "<group>"; };
		04D998622F5C42B300B2775A /* DownloadView.swift */ = {isa = PBXFileReference; lastKnownFileType = sourcecode.swift; path = DownloadView.swift; sourceTree = "<group>"; };
		04F278712F548403006F0A98 /* blossom movie.app */ = {isa = PBXFileReference; explicitFileType = wrapper.application; includeInIndex = 0; path = "blossom movie.app"; sourceTree = BUILT_PRODUCTS_DIR; };
		04F278742F548403006F0A98 /* blossom_movieApp.swift */ = {isa = PBXFileReference; lastKnownFileType = sourcecode.swift; path = blossom_movieApp.swift; sourceTree = "<group>"; };
		04F278762F548403006F0A98 /* ContentView.swift */ = {isa = PBXFileReference; lastKnownFileType = sourcecode.swift; path = ContentView.swift; sourceTree = "<group>"; };
		04F278782F548406006F0A98 /* Assets.xcassets */ = {isa = PBXFileReference; lastKnownFileType = folder.assetcatalog; path = Assets.xcassets; sourceTree = "<group>"; };
		04F2787B2F548406006F0A98 /* Preview Assets.xcassets */ = {isa = PBXFileReference; lastKnownFileType = folder.assetcatalog; path = "Preview Assets.xcassets"; sourceTree = "<group>"; };
		04F278812F548407006F0A98 /* blossom movieTests.xctest */ = {isa = PBXFileReference; explicitFileType = wrapper.cfbundle; includeInIndex = 0; path = "blossom movieTests.xctest"; sourceTree = BUILT_PRODUCTS_DIR; };
		04F278852F548407006F0A98 /* blossom_movieTests.swift */ = {isa = PBXFileReference; lastKnownFileType = sourcecode.swift; path = blossom_movieTests.swift; sourceTree = "<group>"; };
		04F2788B2F548407006F0A98 /* blossom movieUITests.xctest */ = {isa = PBXFileReference; explicitFileType = wrapper.cfbundle; includeInIndex = 0; path = "blossom movieUITests.xctest"; sourceTree = BUILT_PRODUCTS_DIR; };
		04F2788F2F548407006F0A98 /* blossom_movieUITests.swift */ = {isa = PBXFileReference; lastKnownFileType = sourcecode.swift; path = blossom_movieUITests.swift; sourceTree = "<group>"; };
		04F278912F548407006F0A98 /* blossom_movieUITestsLaunchTests.swift */ = {isa = PBXFileReference; lastKnownFileType = sourcecode.swift; path = blossom_movieUITestsLaunchTests.swift; sourceTree = "<group>"; };
		04F2789E2F549394006F0A98 /* Constants.swift */ = {isa = PBXFileReference; lastKnownFileType = sourcecode.swift; path = Constants.swift; sourceTree = "<group>"; };
		04F278A02F54974A006F0A98 /* HomeView.swift */ = {isa = PBXFileReference; lastKnownFileType = sourcecode.swift; path = HomeView.swift; sourceTree = "<group>"; };
		04F278A22F5580FE006F0A98 /* HorizontalListView.swift */ = {isa = PBXFileReference; lastKnownFileType = sourcecode.swift; path = HorizontalListView.swift; sourceTree = "<group>"; };
		04F902992F56EC78004357A8 /* Title.swift */ = {isa = PBXFileReference; lastKnownFileType = sourcecode.swift; path = Title.swift; sourceTree = "<group>"; };
		04F9029B2F56F140004357A8 /* APIConfig.json */ = {isa = PBXFileReference; lastKnownFileType = text.json; path = APIConfig.json; sourceTree = "<group>"; };
		04F9029D2F56F383004357A8 /* APIConfig.swift */ = {isa = PBXFileReference; lastKnownFileType = sourcecode.swift; path = APIConfig.swift; sourceTree = "<group>"; };
		04F9029F2F56F836004357A8 /* Errors.swift */ = {isa = PBXFileReference; lastKnownFileType = sourcecode.swift; path = Errors.swift; sourceTree = "<group>"; };
		04F902A12F570187004357A8 /* DataFetcher.swift */ = {isa = PBXFileReference; lastKnownFileType = sourcecode.swift; path = DataFetcher.swift; sourceTree = "<group>"; };
		04F902A32F57673E004357A8 /* ViewModel.swift */ = {isa = PBXFileReference; lastKnownFileType = sourcecode.swift; path = ViewModel.swift; sourceTree = "<group>"; };
/* End PBXFileReference section */

/* Begin PBXFrameworksBuildPhase section */
		04F2786E2F548403006F0A98 /* Frameworks */ = {
			isa = PBXFrameworksBuildPhase;
			buildActionMask = 2147483647;
			files = (
			);
			runOnlyForDeploymentPostprocessing = 0;
		};
		04F2787E2F548407006F0A98 /* Frameworks */ = {
			isa = PBXFrameworksBuildPhase;
			buildActionMask = 2147483647;
			files = (
			);
			runOnlyForDeploymentPostprocessing = 0;
		};
		04F278882F548407006F0A98 /* Frameworks */ = {
			isa = PBXFrameworksBuildPhase;
			buildActionMask = 2147483647;
			files = (
			);
			runOnlyForDeploymentPostprocessing = 0;
		};
/* End PBXFrameworksBuildPhase section */

/* Begin PBXGroup section */
		04F278682F548403006F0A98 = {
			isa = PBXGroup;
			children = (
				04F278732F548403006F0A98 /* blossom movie */,
				04F278842F548407006F0A98 /* blossom movieTests */,
				04F2788E2F548407006F0A98 /* blossom movieUITests */,
				04F278722F548403006F0A98 /* Products */,
			);
			sourceTree = "<group>";
		};
		04F278722F548403006F0A98 /* Products */ = {
			isa = PBXGroup;
			children = (
				04F278712F548403006F0A98 /* blossom movie.app */,
				04F278812F548407006F0A98 /* blossom movieTests.xctest */,
				04F2788B2F548407006F0A98 /* blossom movieUITests.xctest */,
			);
			name = Products;
			sourceTree = "<group>";
		};
		04F278732F548403006F0A98 /* blossom movie */ = {
			isa = PBXGroup;
			children = (
				04F278742F548403006F0A98 /* blossom_movieApp.swift */,
				04F278A22F5580FE006F0A98 /* HorizontalListView.swift */,
				04F2789E2F549394006F0A98 /* Constants.swift */,
				04D998522F59E56B00B2775A /* TitleDetailView1.swift */,
				04D998622F5C42B300B2775A /* DownloadView.swift */,
				04D9985A2F5BC22600B2775A /* VerticalListView.swift */,
				04D9985E2F5BCD4A00B2775A /* SearchView.swift */,
				04D9985C2F5BC56100B2775A /* UpcomingView.swift */,
				04F278762F548403006F0A98 /* ContentView.swift */,
				04F902992F56EC78004357A8 /* Title.swift */,
				04F9029B2F56F140004357A8 /* APIConfig.json */,
				04F9029F2F56F836004357A8 /* Errors.swift */,
				04F902A12F570187004357A8 /* DataFetcher.swift */,
				04D998602F5C2E0800B2775A /* SearchViewModel.swift */,
				04F902A32F57673E004357A8 /* ViewModel.swift */,
				04F9029D2F56F383004357A8 /* APIConfig.swift */,
				04D998582F5AFC7300B2775A /* YoutubeSearchResponse.swift */,
				04D998562F5ADB6500B2775A /* YoutubePlayer.swift */,
				04F278A02F54974A006F0A98 /* HomeView.swift */,
				04F278782F548406006F0A98 /* Assets.xcassets */,
				04F2787A2F548406006F0A98 /* Preview Content */,
			);
			path = "blossom movie";
			sourceTree = "<group>";
		};
		04F2787A2F548406006F0A98 /* Preview Content */ = {
			isa = PBXGroup;
			children = (
				04F2787B2F548406006F0A98 /* Preview Assets.xcassets */,
			);
			path = "Preview Content";
			sourceTree = "<group>";
		};
		04F278842F548407006F0A98 /* blossom movieTests */ = {
			isa = PBXGroup;
			children = (
				04F278852F548407006F0A98 /* blossom_movieTests.swift */,
			);
			path = "blossom movieTests";
			sourceTree = "<group>";
		};
		04F2788E2F548407006F0A98 /* blossom movieUITests */ = {
			isa = PBXGroup;
			children = (
				04F2788F2F548407006F0A98 /* blossom_movieUITests.swift */,
				04F278912F548407006F0A98 /* blossom_movieUITestsLaunchTests.swift */,
			);
			path = "blossom movieUITests";
			sourceTree = "<group>";
		};
/* End PBXGroup section */

/* Begin PBXNativeTarget section */
		04F278702F548403006F0A98 /* blossom movie */ = {
			isa = PBXNativeTarget;
			buildConfigurationList = 04F278952F548407006F0A98 /* Build configuration list for PBXNativeTarget "blossom movie" */;
			buildPhases = (
				04F2786D2F548403006F0A98 /* Sources */,
				04F2786E2F548403006F0A98 /* Frameworks */,
				04F2786F2F548403006F0A98 /* Resources */,
			);
			buildRules = (
			);
			dependencies = (
			);
			name = "blossom movie";
			productName = "blossom movie";
			productReference = 04F278712F548403006F0A98 /* blossom movie.app */;
			productType = "com.apple.product-type.application";
		};
		04F278802F548407006F0A98 /* blossom movieTests */ = {
			isa = PBXNativeTarget;
			buildConfigurationList = 04F278982F548407006F0A98 /* Build configuration list for PBXNativeTarget "blossom movieTests" */;
			buildPhases = (
				04F2787D2F548407006F0A98 /* Sources */,
				04F2787E2F548407006F0A98 /* Frameworks */,
				04F2787F2F548407006F0A98 /* Resources */,
			);
			buildRules = (
			);
			dependencies = (
				04F278832F548407006F0A98 /* PBXTargetDependency */,
			);
			name = "blossom movieTests";
			productName = "blossom movieTests";
			productReference = 04F278812F548407006F0A98 /* blossom movieTests.xctest */;
			productType = "com.apple.product-type.bundle.unit-test";
		};
		04F2788A2F548407006F0A98 /* blossom movieUITests */ = {
			isa = PBXNativeTarget;
			buildConfigurationList = 04F2789B2F548407006F0A98 /* Build configuration list for PBXNativeTarget "blossom movieUITests" */;
			buildPhases = (
				04F278872F548407006F0A98 /* Sources */,
				04F278882F548407006F0A98 /* Frameworks */,
				04F278892F548407006F0A98 /* Resources */,
			);
			buildRules = (
			);
			dependencies = (
				04F2788D2F548407006F0A98 /* PBXTargetDependency */,
			);
			name = "blossom movieUITests";
			productName = "blossom movieUITests";
			productReference = 04F2788B2F548407006F0A98 /* blossom movieUITests.xctest */;
			productType = "com.apple.product-type.bundle.ui-testing";
		};
/* End PBXNativeTarget section */

/* Begin PBXProject section */
		04F278692F548403006F0A98 /* Project object */ = {
			isa = PBXProject;
			attributes = {
				BuildIndependentTargetsInParallel = 1;
				LastSwiftUpdateCheck = 1520;
				LastUpgradeCheck = 1520;
				TargetAttributes = {
					04F278702F548403006F0A98 = {
						CreatedOnToolsVersion = 15.2;
					};
					04F278802F548407006F0A98 = {
						CreatedOnToolsVersion = 15.2;
						TestTargetID = 04F278702F548403006F0A98;
					};
					04F2788A2F548407006F0A98 = {
						CreatedOnToolsVersion = 15.2;
						TestTargetID = 04F278702F548403006F0A98;
					};
				};
			};
			buildConfigurationList = 04F2786C2F548403006F0A98 /* Build configuration list for PBXProject "blossom movie" */;
			compatibilityVersion = "Xcode 14.0";
			developmentRegion = en;
			hasScannedForEncodings = 0;
			knownRegions = (
				en,
				Base,
			);
			mainGroup = 04F278682F548403006F0A98;
			productRefGroup = 04F278722F548403006F0A98 /* Products */;
			projectDirPath = "";
			projectRoot = "";
			targets = (
				04F278702F548403006F0A98 /* blossom movie */,
				04F278802F548407006F0A98 /* blossom movieTests */,
				04F2788A2F548407006F0A98 /* blossom movieUITests */,
			);
		};
/* End PBXProject section */

/* Begin PBXResourcesBuildPhase section */
		04F2786F2F548403006F0A98 /* Resources */ = {
			isa = PBXResourcesBuildPhase;
			buildActionMask = 2147483647;
			files = (
				04F2787C2F548406006F0A98 /* Preview Assets.xcassets in Resources */,
				04F278792F548406006F0A98 /* Assets.xcassets in Resources */,
				04F9029C2F56F140004357A8 /* APIConfig.json in Resources */,
			);
			runOnlyForDeploymentPostprocessing = 0;
		};
		04F2787F2F548407006F0A98 /* Resources */ = {
			isa = PBXResourcesBuildPhase;
			buildActionMask = 2147483647;
			files = (
			);
			runOnlyForDeploymentPostprocessing = 0;
		};
		04F278892F548407006F0A98 /* Resources */ = {
			isa = PBXResourcesBuildPhase;
			buildActionMask = 2147483647;
			files = (
			);
			runOnlyForDeploymentPostprocessing = 0;
		};
/* End PBXResourcesBuildPhase section */

/* Begin PBXSourcesBuildPhase section */
		04F2786D2F548403006F0A98 /* Sources */ = {
			isa = PBXSourcesBuildPhase;
			buildActionMask = 2147483647;
			files = (
				04D998632F5C42B300B2775A /* DownloadView.swift in Sources */,
				04F902A42F57673E004357A8 /* ViewModel.swift in Sources */,
				04F278772F548403006F0A98 /* ContentView.swift in Sources */,
				04D9985D2F5BC56100B2775A /* UpcomingView.swift in Sources */,
				04D998532F59E56B00B2775A /* TitleDetailView1.swift in Sources */,
				04F278A12F54974A006F0A98 /* HomeView.swift in Sources */,
				04F278752F548403006F0A98 /* blossom_movieApp.swift in Sources */,
				04F2789F2F549394006F0A98 /* Constants.swift in Sources */,
				04D9985B2F5BC22700B2775A /* VerticalListView.swift in Sources */,
				04F902A02F56F836004357A8 /* Errors.swift in Sources */,
				04F9029A2F56EC78004357A8 /* Title.swift in Sources */,
				04D998592F5AFC7300B2775A /* YoutubeSearchResponse.swift in Sources */,
				04D998572F5ADB6500B2775A /* YoutubePlayer.swift in Sources */,
				04D9985F2F5BCD4A00B2775A /* SearchView.swift in Sources */,
				04F902A22F570187004357A8 /* DataFetcher.swift in Sources */,
				04D998612F5C2E0800B2775A /* SearchViewModel.swift in Sources */,
				04F278A32F5580FE006F0A98 /* HorizontalListView.swift in Sources */,
				04F9029E2F56F383004357A8 /* APIConfig.swift in Sources */,
			);
			runOnlyForDeploymentPostprocessing = 0;
		};
		04F2787D2F548407006F0A98 /* Sources */ = {
			isa = PBXSourcesBuildPhase;
			buildActionMask = 2147483647;
			files = (
				04F278862F548407006F0A98 /* blossom_movieTests.swift in Sources */,
			);
			runOnlyForDeploymentPostprocessing = 0;
		};
		04F278872F548407006F0A98 /* Sources */ = {
			isa = PBXSourcesBuildPhase;
			buildActionMask = 2147483647;
			files = (
				04F278902F548407006F0A98 /* blossom_movieUITests.swift in Sources */,
				04F278922F548407006F0A98 /* blossom_movieUITestsLaunchTests.swift in Sources */,
			);
			runOnlyForDeploymentPostprocessing = 0;
		};
/* End PBXSourcesBuildPhase section */

/* Begin PBXTargetDependency section */
		04F278832F548407006F0A98 /* PBXTargetDependency */ = {
			isa = PBXTargetDependency;
			target = 04F278702F548403006F0A98 /* blossom movie */;
			targetProxy = 04F278822F548407006F0A98 /* PBXContainerItemProxy */;
		};
		04F2788D2F548407006F0A98 /* PBXTargetDependency */ = {
			isa = PBXTargetDependency;
			target = 04F278702F548403006F0A98 /* blossom movie */;
			targetProxy = 04F2788C2F548407006F0A98 /* PBXContainerItemProxy */;
		};
/* End PBXTargetDependency section */

/* Begin XCBuildConfiguration section */
		04F278932F548407006F0A98 /* Debug */ = {
			isa = XCBuildConfiguration;
			buildSettings = {
				ALWAYS_SEARCH_USER_PATHS = NO;
				ASSETCATALOG_COMPILER_GENERATE_SWIFT_ASSET_SYMBOL_EXTENSIONS = YES;
				CLANG_ANALYZER_NONNULL = YES;
				CLANG_ANALYZER_NUMBER_OBJECT_CONVERSION = YES_AGGRESSIVE;
				CLANG_CXX_LANGUAGE_STANDARD = "gnu++20";
				CLANG_ENABLE_MODULES = YES;
				CLANG_ENABLE_OBJC_ARC = YES;
				CLANG_ENABLE_OBJC_WEAK = YES;
				CLANG_WARN_BLOCK_CAPTURE_AUTORELEASING = YES;
				CLANG_WARN_BOOL_CONVERSION = YES;
				CLANG_WARN_COMMA = YES;
				CLANG_WARN_CONSTANT_CONVERSION = YES;
				CLANG_WARN_DEPRECATED_OBJC_IMPLEMENTATIONS = YES;
				CLANG_WARN_DIRECT_OBJC_ISA_USAGE = YES_ERROR;
				CLANG_WARN_DOCUMENTATION_COMMENTS = YES;
				CLANG_WARN_EMPTY_BODY = YES;
				CLANG_WARN_ENUM_CONVERSION = YES;
				CLANG_WARN_INFINITE_RECURSION = YES;
				CLANG_WARN_INT_CONVERSION = YES;
				CLANG_WARN_NON_LITERAL_NULL_CONVERSION = YES;
				CLANG_WARN_OBJC_IMPLICIT_RETAIN_SELF = YES;
				CLANG_WARN_OBJC_LITERAL_CONVERSION = YES;
				CLANG_WARN_OBJC_ROOT_CLASS = YES_ERROR;
				CLANG_WARN_QUOTED_INCLUDE_IN_FRAMEWORK_HEADER = YES;
				CLANG_WARN_RANGE_LOOP_ANALYSIS = YES;
				CLANG_WARN_STRICT_PROTOTYPES = YES;
				CLANG_WARN_SUSPICIOUS_MOVE = YES;
				CLANG_WARN_UNGUARDED_AVAILABILITY = YES_AGGRESSIVE;
				CLANG_WARN_UNREACHABLE_CODE = YES;
				CLANG_WARN__DUPLICATE_METHOD_MATCH = YES;
				COPY_PHASE_STRIP = NO;
				DEBUG_INFORMATION_FORMAT = dwarf;
				ENABLE_STRICT_OBJC_MSGSEND = YES;
				ENABLE_TESTABILITY = YES;
				ENABLE_USER_SCRIPT_SANDBOXING = YES;
				GCC_C_LANGUAGE_STANDARD = gnu17;
				GCC_DYNAMIC_NO_PIC = NO;
				GCC_NO_COMMON_BLOCKS = YES;
				GCC_OPTIMIZATION_LEVEL = 0;
				GCC_PREPROCESSOR_DEFINITIONS = (
					"DEBUG=1",
					"$(inherited)",
				);
				GCC_WARN_64_TO_32_BIT_CONVERSION = YES;
				GCC_WARN_ABOUT_RETURN_TYPE = YES_ERROR;
				GCC_WARN_UNDECLARED_SELECTOR = YES;
				GCC_WARN_UNINITIALIZED_AUTOS = YES_AGGRESSIVE;
				GCC_WARN_UNUSED_FUNCTION = YES;
				GCC_WARN_UNUSED_VARIABLE = YES;
				IPHONEOS_DEPLOYMENT_TARGET = 17.2;
				LOCALIZATION_PREFERS_STRING_CATALOGS = YES;
				MTL_ENABLE_DEBUG_INFO = INCLUDE_SOURCE;
				MTL_FAST_MATH = YES;
				ONLY_ACTIVE_ARCH = YES;
				SDKROOT = iphoneos;
				SWIFT_ACTIVE_COMPILATION_CONDITIONS = "DEBUG $(inherited)";
				SWIFT_OPTIMIZATION_LEVEL = "-Onone";
			};
			name = Debug;
		};
		04F278942F548407006F0A98 /* Release */ = {
			isa = XCBuildConfiguration;
			buildSettings = {
				ALWAYS_SEARCH_USER_PATHS = NO;
				ASSETCATALOG_COMPILER_GENERATE_SWIFT_ASSET_SYMBOL_EXTENSIONS = YES;
				CLANG_ANALYZER_NONNULL = YES;
				CLANG_ANALYZER_NUMBER_OBJECT_CONVERSION = YES_AGGRESSIVE;
				CLANG_CXX_LANGUAGE_STANDARD = "gnu++20";
				CLANG_ENABLE_MODULES = YES;
				CLANG_ENABLE_OBJC_ARC = YES;
				CLANG_ENABLE_OBJC_WEAK = YES;
				CLANG_WARN_BLOCK_CAPTURE_AUTORELEASING = YES;
				CLANG_WARN_BOOL_CONVERSION = YES;
				CLANG_WARN_COMMA = YES;
				CLANG_WARN_CONSTANT_CONVERSION = YES;
				CLANG_WARN_DEPRECATED_OBJC_IMPLEMENTATIONS = YES;
				CLANG_WARN_DIRECT_OBJC_ISA_USAGE = YES_ERROR;
				CLANG_WARN_DOCUMENTATION_COMMENTS = YES;
				CLANG_WARN_EMPTY_BODY = YES;
				CLANG_WARN_ENUM_CONVERSION = YES;
				CLANG_WARN_INFINITE_RECURSION = YES;
				CLANG_WARN_INT_CONVERSION = YES;
				CLANG_WARN_NON_LITERAL_NULL_CONVERSION = YES;
				CLANG_WARN_OBJC_IMPLICIT_RETAIN_SELF = YES;
				CLANG_WARN_OBJC_LITERAL_CONVERSION = YES;
				CLANG_WARN_OBJC_ROOT_CLASS = YES_ERROR;
				CLANG_WARN_QUOTED_INCLUDE_IN_FRAMEWORK_HEADER = YES;
				CLANG_WARN_RANGE_LOOP_ANALYSIS = YES;
				CLANG_WARN_STRICT_PROTOTYPES = YES;
				CLANG_WARN_SUSPICIOUS_MOVE = YES;
				CLANG_WARN_UNGUARDED_AVAILABILITY = YES_AGGRESSIVE;
				CLANG_WARN_UNREACHABLE_CODE = YES;
				CLANG_WARN__DUPLICATE_METHOD_MATCH = YES;
				COPY_PHASE_STRIP = NO;
				DEBUG_INFORMATION_FORMAT = "dwarf-with-dsym";
				ENABLE_NS_ASSERTIONS = NO;
				ENABLE_STRICT_OBJC_MSGSEND = YES;
				ENABLE_USER_SCRIPT_SANDBOXING = YES;
				GCC_C_LANGUAGE_STANDARD = gnu17;
				GCC_NO_COMMON_BLOCKS = YES;
				GCC_WARN_64_TO_32_BIT_CONVERSION = YES;
				GCC_WARN_ABOUT_RETURN_TYPE = YES_ERROR;
				GCC_WARN_UNDECLARED_SELECTOR = YES;
				GCC_WARN_UNINITIALIZED_AUTOS = YES_AGGRESSIVE;
				GCC_WARN_UNUSED_FUNCTION = YES;
				GCC_WARN_UNUSED_VARIABLE = YES;
				IPHONEOS_DEPLOYMENT_TARGET = 17.2;
				LOCALIZATION_PREFERS_STRING_CATALOGS = YES;
				MTL_ENABLE_DEBUG_INFO = NO;
				MTL_FAST_MATH = YES;
				SDKROOT = iphoneos;
				SWIFT_COMPILATION_MODE = wholemodule;
				VALIDATE_PRODUCT = YES;
			};
			name = Release;
		};
		04F278962F548407006F0A98 /* Debug */ = {
			isa = XCBuildConfiguration;
			buildSettings = {
				ASSETCATALOG_COMPILER_APPICON_NAME = AppIcon;
				ASSETCATALOG_COMPILER_GLOBAL_ACCENT_COLOR_NAME = AccentColor;
				CODE_SIGN_STYLE = Automatic;
				CURRENT_PROJECT_VERSION = 1;
				DEVELOPMENT_ASSET_PATHS = "\"blossom movie/Preview Content\"";
				DEVELOPMENT_TEAM = FMB873S974;
				ENABLE_PREVIEWS = YES;
				GENERATE_INFOPLIST_FILE = YES;
				INFOPLIST_KEY_UIApplicationSceneManifest_Generation = YES;
				INFOPLIST_KEY_UIApplicationSupportsIndirectInputEvents = YES;
				INFOPLIST_KEY_UILaunchScreen_Generation = YES;
				INFOPLIST_KEY_UISupportedInterfaceOrientations_iPad = "UIInterfaceOrientationPortrait UIInterfaceOrientationPortraitUpsideDown UIInterfaceOrientationLandscapeLeft UIInterfaceOrientationLandscapeRight";
				INFOPLIST_KEY_UISupportedInterfaceOrientations_iPhone = "UIInterfaceOrientationPortrait UIInterfaceOrientationLandscapeLeft UIInterfaceOrientationLandscapeRight";
				LD_RUNPATH_SEARCH_PATHS = (
					"$(inherited)",
					"@executable_path/Frameworks",
				);
				MARKETING_VERSION = 1.0;
				PRODUCT_BUNDLE_IDENTIFIER = "co.ke.mangochopsstudio.blossom-movie";
				PRODUCT_NAME = "$(TARGET_NAME)";
				SWIFT_EMIT_LOC_STRINGS = YES;
				SWIFT_VERSION = 5.0;
				TARGETED_DEVICE_FAMILY = "1,2";
			};
			name = Debug;
		};
		04F278972F548407006F0A98 /* Release */ = {
			isa = XCBuildConfiguration;
			buildSettings = {
				ASSETCATALOG_COMPILER_APPICON_NAME = AppIcon;
				ASSETCATALOG_COMPILER_GLOBAL_ACCENT_COLOR_NAME = AccentColor;
				CODE_SIGN_STYLE = Automatic;
				CURRENT_PROJECT_VERSION = 1;
				DEVELOPMENT_ASSET_PATHS = "\"blossom movie/Preview Content\"";
				DEVELOPMENT_TEAM = FMB873S974;
				ENABLE_PREVIEWS = YES;
				GENERATE_INFOPLIST_FILE = YES;
				INFOPLIST_KEY_UIApplicationSceneManifest_Generation = YES;
				INFOPLIST_KEY_UIApplicationSupportsIndirectInputEvents = YES;
				INFOPLIST_KEY_UILaunchScreen_Generation = YES;
				INFOPLIST_KEY_UISupportedInterfaceOrientations_iPad = "UIInterfaceOrientationPortrait UIInterfaceOrientationPortraitUpsideDown UIInterfaceOrientationLandscapeLeft UIInterfaceOrientationLandscapeRight";
				INFOPLIST_KEY_UISupportedInterfaceOrientations_iPhone = "UIInterfaceOrientationPortrait UIInterfaceOrientationLandscapeLeft UIInterfaceOrientationLandscapeRight";
				LD_RUNPATH_SEARCH_PATHS = (
					"$(inherited)",
					"@executable_path/Frameworks",
				);
				MARKETING_VERSION = 1.0;
				PRODUCT_BUNDLE_IDENTIFIER = "co.ke.mangochopsstudio.blossom-movie";
				PRODUCT_NAME = "$(TARGET_NAME)";
				SWIFT_EMIT_LOC_STRINGS = YES;
				SWIFT_VERSION = 5.0;
				TARGETED_DEVICE_FAMILY = "1,2";
			};
			name = Release;
		};
		04F278992F548407006F0A98 /* Debug */ = {
			isa = XCBuildConfiguration;
			buildSettings = {
				ALWAYS_EMBED_SWIFT_STANDARD_LIBRARIES = YES;
				BUNDLE_LOADER = "$(TEST_HOST)";
				CODE_SIGN_STYLE = Automatic;
				CURRENT_PROJECT_VERSION = 1;
				DEVELOPMENT_TEAM = FMB873S974;
				GENERATE_INFOPLIST_FILE = YES;
				IPHONEOS_DEPLOYMENT_TARGET = 17.2;
				MARKETING_VERSION = 1.0;
				PRODUCT_BUNDLE_IDENTIFIER = "co.ke.mangochopsstudio.blossom-movieTests";
				PRODUCT_NAME = "$(TARGET_NAME)";
				SWIFT_EMIT_LOC_STRINGS = NO;
				SWIFT_VERSION = 5.0;
				TARGETED_DEVICE_FAMILY = "1,2";
				TEST_HOST = "$(BUILT_PRODUCTS_DIR)/blossom movie.app/$(BUNDLE_EXECUTABLE_FOLDER_PATH)/blossom movie";
			};
			name = Debug;
		};
		04F2789A2F548407006F0A98 /* Release */ = {
			isa = XCBuildConfiguration;
			buildSettings = {
				ALWAYS_EMBED_SWIFT_STANDARD_LIBRARIES = YES;
				BUNDLE_LOADER = "$(TEST_HOST)";
				CODE_SIGN_STYLE = Automatic;
				CURRENT_PROJECT_VERSION = 1;
				DEVELOPMENT_TEAM = FMB873S974;
				GENERATE_INFOPLIST_FILE = YES;
				IPHONEOS_DEPLOYMENT_TARGET = 17.2;
				MARKETING_VERSION = 1.0;
				PRODUCT_BUNDLE_IDENTIFIER = "co.ke.mangochopsstudio.blossom-movieTests";
				PRODUCT_NAME = "$(TARGET_NAME)";
				SWIFT_EMIT_LOC_STRINGS = NO;
				SWIFT_VERSION = 5.0;
				TARGETED_DEVICE_FAMILY = "1,2";
				TEST_HOST = "$(BUILT_PRODUCTS_DIR)/blossom movie.app/$(BUNDLE_EXECUTABLE_FOLDER_PATH)/blossom movie";
			};
			name = Release;
		};
		04F2789C2F548407006F0A98 /* Debug */ = {
			isa = XCBuildConfiguration;
			buildSettings = {
				ALWAYS_EMBED_SWIFT_STANDARD_LIBRARIES = YES;
				CODE_SIGN_STYLE = Automatic;
				CURRENT_PROJECT_VERSION = 1;
				DEVELOPMENT_TEAM = FMB873S974;
				GENERATE_INFOPLIST_FILE = YES;
				MARKETING_VERSION = 1.0;
				PRODUCT_BUNDLE_IDENTIFIER = "co.ke.mangochopsstudio.blossom-movieUITests";
				PRODUCT_NAME = "$(TARGET_NAME)";
				SWIFT_EMIT_LOC_STRINGS = NO;
				SWIFT_VERSION = 5.0;
				TARGETED_DEVICE_FAMILY = "1,2";
				TEST_TARGET_NAME = "blossom movie";
			};
			name = Debug;
		};
		04F2789D2F548407006F0A98 /* Release */ = {
			isa = XCBuildConfiguration;
			buildSettings = {
				ALWAYS_EMBED_SWIFT_STANDARD_LIBRARIES = YES;
				CODE_SIGN_STYLE = Automatic;
				CURRENT_PROJECT_VERSION = 1;
				DEVELOPMENT_TEAM = FMB873S974;
				GENERATE_INFOPLIST_FILE = YES;
				MARKETING_VERSION = 1.0;
				PRODUCT_BUNDLE_IDENTIFIER = "co.ke.mangochopsstudio.blossom-movieUITests";
				PRODUCT_NAME = "$(TARGET_NAME)";
				SWIFT_EMIT_LOC_STRINGS = NO;
				SWIFT_VERSION = 5.0;
				TARGETED_DEVICE_FAMILY = "1,2";
				TEST_TARGET_NAME = "blossom movie";
			};
			name = Release;
		};
/* End XCBuildConfiguration section */

/* Begin XCConfigurationList section */
		04F2786C2F548403006F0A98 /* Build configuration list for PBXProject "blossom movie" */ = {
			isa = XCConfigurationList;
			buildConfigurations = (
				04F278932F548407006F0A98 /* Debug */,
				04F278942F548407006F0A98 /* Release */,
			);
			defaultConfigurationIsVisible = 0;
			defaultConfigurationName = Release;
		};
		04F278952F548407006F0A98 /* Build configuration list for PBXNativeTarget "blossom movie" */ = {
			isa = XCConfigurationList;
			buildConfigurations = (
				04F278962F548407006F0A98 /* Debug */,
				04F278972F548407006F0A98 /* Release */,
			);
			defaultConfigurationIsVisible = 0;
			defaultConfigurationName = Release;
		};
		04F278982F548407006F0A98 /* Build configuration list for PBXNativeTarget "blossom movieTests" */ = {
			isa = XCConfigurationList;
			buildConfigurations = (
				04F278992F548407006F0A98 /* Debug */,
				04F2789A2F548407006F0A98 /* Release */,
			);
			defaultConfigurationIsVisible = 0;
			defaultConfigurationName = Release;
		};
		04F2789B2F548407006F0A98 /* Build configuration list for PBXNativeTarget "blossom movieUITests" */ = {
			isa = XCConfigurationList;
			buildConfigurations = (
				04F2789C2F548407006F0A98 /* Debug */,
				04F2789D2F548407006F0A98 /* Release */,
			);
			defaultConfigurationIsVisible = 0;
			defaultConfigurationName = Release;
		};
/* End XCConfigurationList section */
	};
	rootObject = 04F278692F548403006F0A98 /* Project object */;
}
